// !$*UTF8*$!
{
	archiveVersion = 1;
	classes = {
	};
	objectVersion = 46;
	objects = {

/* Begin PBXBuildFile section */
		7DAFD5891E996751002FDC6C /* StudentStack.cpp in Sources */ = {isa = PBXBuildFile; fileRef = 7DAFD5871E996751002FDC6C /* StudentStack.cpp */; };
		7DBCE2FA1E7C835100BB69C4 /* main.cpp in Sources */ = {isa = PBXBuildFile; fileRef = 7DBCE2F91E7C835100BB69C4 /* main.cpp */; };
		7DBCE3041E7C83FF00BB69C4 /* StudentData.cpp in Sources */ = {isa = PBXBuildFile; fileRef = 7DBCE3021E7C83FE00BB69C4 /* StudentData.cpp */; };
/* End PBXBuildFile section */

/* Begin PBXCopyFilesBuildPhase section */
		7DBCE2F41E7C835100BB69C4 /* CopyFiles */ = {
			isa = PBXCopyFilesBuildPhase;
			buildActionMask = 2147483647;
			dstPath = /usr/share/man/man1/;
			dstSubfolderSpec = 0;
			files = (
			);
			runOnlyForDeploymentPostprocessing = 1;
		};
/* End PBXCopyFilesBuildPhase section */

/* Begin PBXFileReference section */
		7DAFD5871E996751002FDC6C /* StudentStack.cpp */ = {isa = PBXFileReference; fileEncoding = 4; lastKnownFileType = sourcecode.cpp.cpp; path = StudentStack.cpp; sourceTree = "<group>"; };
		7DAFD5881E996751002FDC6C /* StudentStack.hpp */ = {isa = PBXFileReference; fileEncoding = 4; lastKnownFileType = sourcecode.cpp.h; path = StudentStack.hpp; sourceTree = "<group>"; };
		7DBCE2F61E7C835100BB69C4 /* LinkList */ = {isa = PBXFileReference; explicitFileType = "compiled.mach-o.executable"; includeInIndex = 0; path = LinkList; sourceTree = BUILT_PRODUCTS_DIR; };
		7DBCE2F91E7C835100BB69C4 /* main.cpp */ = {isa = PBXFileReference; lastKnownFileType = sourcecode.cpp.cpp; path = main.cpp; sourceTree = "<group>"; };
		7DBCE3021E7C83FE00BB69C4 /* StudentData.cpp */ = {isa = PBXFileReference; fileEncoding = 4; lastKnownFileType = sourcecode.cpp.cpp; path = StudentData.cpp; sourceTree = "<group>"; };
		7DBCE3031E7C83FF00BB69C4 /* StudentData.hpp */ = {isa = PBXFileReference; fileEncoding = 4; lastKnownFileType = sourcecode.cpp.h; path = StudentData.hpp; sourceTree = "<group>"; };
/* End PBXFileReference section */

/* Begin PBXFrameworksBuildPhase section */
		7DBCE2F31E7C835100BB69C4 /* Frameworks */ = {
			isa = PBXFrameworksBuildPhase;
			buildActionMask = 2147483647;
			files = (
			);
			runOnlyForDeploymentPostprocessing = 0;
		};
/* End PBXFrameworksBuildPhase section */

/* Begin PBXGroup section */
		7DBCE2ED1E7C835000BB69C4 = {
			isa = PBXGroup;
			children = (
				7DBCE2F81E7C835100BB69C4 /* LinkList */,
				7DBCE2F71E7C835100BB69C4 /* Products */,
			);
			sourceTree = "<group>";
		};
		7DBCE2F71E7C835100BB69C4 /* Products */ = {
			isa = PBXGroup;
			children = (
				7DBCE2F61E7C835100BB69C4 /* LinkList */,
			);
			name = Products;
			sourceTree = "<group>";
		};
		7DBCE2F81E7C835100BB69C4 /* LinkList */ = {
			isa = PBXGroup;
			children = (
				7DBCE3011E7C83CC00BB69C4 /* Controllers */,
				7DBCE3001E7C83BB00BB69C4 /* Models */,
				7DBCE2F91E7C835100BB69C4 /* main.cpp */,
			);
			path = LinkList;
			sourceTree = "<group>";
		};
		7DBCE3001E7C83BB00BB69C4 /* Models */ = {
			isa = PBXGroup;
			children = (
				7DBCE3021E7C83FE00BB69C4 /* StudentData.cpp */,
				7DBCE3031E7C83FF00BB69C4 /* StudentData.hpp */,
				7DAFD5871E996751002FDC6C /* StudentStack.cpp */,
				7DAFD5881E996751002FDC6C /* StudentStack.hpp */,
			);
			path = Models;
			sourceTree = "<group>";
		};
		7DBCE3011E7C83CC00BB69C4 /* Controllers */ = {
			isa = PBXGroup;
			children = (
			);
			path = Controllers;
			sourceTree = "<group>";
		};
/* End PBXGroup section */

/* Begin PBXNativeTarget section */
		7DBCE2F51E7C835100BB69C4 /* LinkList */ = {
			isa = PBXNativeTarget;
			buildConfigurationList = 7DBCE2FD1E7C835100BB69C4 /* Build configuration list for PBXNativeTarget "LinkList" */;
			buildPhases = (
				7DBCE2F21E7C835100BB69C4 /* Sources */,
				7DBCE2F31E7C835100BB69C4 /* Frameworks */,
				7DBCE2F41E7C835100BB69C4 /* CopyFiles */,
			);
			buildRules = (
			);
			dependencies = (
			);
			name = LinkList;
			productName = LinkList;
			productReference = 7DBCE2F61E7C835100BB69C4 /* LinkList */;
			productType = "com.apple.product-type.tool";
		};
/* End PBXNativeTarget section */

/* Begin PBXProject section */
		7DBCE2EE1E7C835000BB69C4 /* Project object */ = {
			isa = PBXProject;
			attributes = {
				LastUpgradeCheck = 0730;
				ORGANIZATIONNAME = "Idrees Ashraf";
				TargetAttributes = {
					7DBCE2F51E7C835100BB69C4 = {
						CreatedOnToolsVersion = 7.3;
					};
				};
			};
			buildConfigurationList = 7DBCE2F11E7C835000BB69C4 /* Build configuration list for PBXProject "LinkList" */;
			compatibilityVersion = "Xcode 3.2";
			developmentRegion = English;
			hasScannedForEncodings = 0;
			knownRegions = (
				en,
			);
			mainGroup = 7DBCE2ED1E7C835000BB69C4;
			productRefGroup = 7DBCE2F71E7C835100BB69C4 /* Products */;
			projectDirPath = "";
			projectRoot = "";
			targets = (
				7DBCE2F51E7C835100BB69C4 /* LinkList */,
			);
		};
/* End PBXProject section */

/* Begin PBXSourcesBuildPhase section */
		7DBCE2F21E7C835100BB69C4 /* Sources */ = {
			isa = PBXSourcesBuildPhase;
			buildActionMask = 2147483647;
			files = (
				7DBCE2FA1E7C835100BB69C4 /* main.cpp in Sources */,
				7DBCE3041E7C83FF00BB69C4 /* StudentData.cpp in Sources */,
				7DAFD5891E996751002FDC6C /* StudentStack.cpp in Sources */,
			);
			runOnlyForDeploymentPostprocessing = 0;
		};
/* End PBXSourcesBuildPhase section */

/* Begin XCBuildConfiguration section */
		7DBCE2FB1E7C835100BB69C4 /* Debug */ = {
			isa = XCBuildConfiguration;
			buildSettings = {
				ALWAYS_SEARCH_USER_PATHS = NO;
				CLANG_ANALYZER_NONNULL = YES;
				CLANG_CXX_LANGUAGE_STANDARD = "gnu++0x";
				CLANG_CXX_LIBRARY = "libc++";
				CLANG_ENABLE_MODULES = YES;
				CLANG_ENABLE_OBJC_ARC = YES;
				CLANG_WARN_BOOL_CONVERSION = YES;
				CLANG_WARN_CONSTANT_CONVERSION = YES;
				CLANG_WARN_DIRECT_OBJC_ISA_USAGE = YES_ERROR;
				CLANG_WARN_EMPTY_BODY = YES;
				CLANG_WARN_ENUM_CONVERSION = YES;
				CLANG_WARN_INT_CONVERSION = YES;
				CLANG_WARN_OBJC_ROOT_CLASS = YES_ERROR;
				CLANG_WARN_UNREACHABLE_CODE = YES;
				CLANG_WARN__DUPLICATE_METHOD_MATCH = YES;
				CODE_SIGN_IDENTITY = "-";
				COPY_PHASE_STRIP = NO;
				DEBUG_INFORMATION_FORMAT = dwarf;
				ENABLE_STRICT_OBJC_MSGSEND = YES;
				ENABLE_TESTABILITY = YES;
				GCC_C_LANGUAGE_STANDARD = gnu99;
				GCC_DYNAMIC_NO_PIC = NO;
				GCC_NO_COMMON_BLOCKS = YES;
				GCC_OPTIMIZATION_LEVEL = 0;
				GCC_PREPROCESSOR_DEFINITIONS = (
					"DEBUG=1",
					"$(inherited)",
				);
				GCC_WARN_64_TO_32_BIT_CONVERSION = YES;
				GCC_WARN_ABOUT_RETURN_TYPE = YES_ERROR;
				GCC_WARN_UNDECLARED_SELECTOR = YES;
				GCC_WARN_UNINITIALIZED_AUTOS = YES_AGGRESSIVE;
				GCC_WARN_UNUSED_FUNCTION = YES;
				GCC_WARN_UNUSED_VARIABLE = YES;
				MACOSX_DEPLOYMENT_TARGET = 10.11;
				MTL_ENABLE_DEBUG_INFO = YES;
				ONLY_ACTIVE_ARCH = YES;
				SDKROOT = macosx;
			};
			name = Debug;
		};
		7DBCE2FC1E7C835100BB69C4 /* Release */ = {
			isa = XCBuildConfiguration;
			buildSettings = {
				ALWAYS_SEARCH_USER_PATHS = NO;
				CLANG_ANALYZER_NONNULL = YES;
				CLANG_CXX_LANGUAGE_STANDARD = "gnu++0x";
				CLANG_CXX_LIBRARY = "libc++";
				CLANG_ENABLE_MODULES = YES;
				CLANG_ENABLE_OBJC_ARC = YES;
				CLANG_WARN_BOOL_CONVERSION = YES;
				CLANG_WARN_CONSTANT_CONVERSION = YES;
				CLANG_WARN_DIRECT_OBJC_ISA_USAGE = YES_ERROR;
				CLANG_WARN_EMPTY_BODY = YES;
				CLANG_WARN_ENUM_CONVERSION = YES;
				CLANG_WARN_INT_CONVERSION = YES;
				CLANG_WARN_OBJC_ROOT_CLASS = YES_ERROR;
				CLANG_WARN_UNREACHABLE_CODE = YES;
				CLANG_WARN__DUPLICATE_METHOD_MATCH = YES;
				CODE_SIGN_IDENTITY = "-";
				COPY_PHASE_STRIP = NO;
				DEBUG_INFORMATION_FORMAT = "dwarf-with-dsym";
				ENABLE_NS_ASSERTIONS = NO;
				ENABLE_STRICT_OBJC_MSGSEND = YES;
				GCC_C_LANGUAGE_STANDARD = gnu99;
				GCC_NO_COMMON_BLOCKS = YES;
				GCC_WARN_64_TO_32_BIT_CONVERSION = YES;
				GCC_WARN_ABOUT_RETURN_TYPE = YES_ERROR;
				GCC_WARN_UNDECLARED_SELECTOR = YES;
				GCC_WARN_UNINITIALIZED_AUTOS = YES_AGGRESSIVE;
				GCC_WARN_UNUSED_FUNCTION = YES;
				GCC_WARN_UNUSED_VARIABLE = YES;
				MACOSX_DEPLOYMENT_TARGET = 10.11;
				MTL_ENABLE_DEBUG_INFO = NO;
				SDKROOT = macosx;
			};
			name = Release;
		};
		7DBCE2FE1E7C835100BB69C4 /* Debug */ = {
			isa = XCBuildConfiguration;
			buildSettings = {
				PRODUCT_NAME = "$(TARGET_NAME)";
			};
			name = Debug;
		};
		7DBCE2FF1E7C835100BB69C4 /* Release */ = {
			isa = XCBuildConfiguration;
			buildSettings = {
				PRODUCT_NAME = "$(TARGET_NAME)";
			};
			name = Release;
		};
/* End XCBuildConfiguration section */

/* Begin XCConfigurationList section */
		7DBCE2F11E7C835000BB69C4 /* Build configuration list for PBXProject "LinkList" */ = {
			isa = XCConfigurationList;
			buildConfigurations = (
				7DBCE2FB1E7C835100BB69C4 /* Debug */,
				7DBCE2FC1E7C835100BB69C4 /* Release */,
			);
			defaultConfigurationIsVisible = 0;
			defaultConfigurationName = Release;
		};
		7DBCE2FD1E7C835100BB69C4 /* Build configuration list for PBXNativeTarget "LinkList" */ = {
			isa = XCConfigurationList;
			buildConfigurations = (
				7DBCE2FE1E7C835100BB69C4 /* Debug */,
				7DBCE2FF1E7C835100BB69C4 /* Release */,
			);
			defaultConfigurationIsVisible = 0;
			defaultConfigurationName = Release;
		};
/* End XCConfigurationList section */
	};
	rootObject = 7DBCE2EE1E7C835000BB69C4 /* Project object */;
}
